
Microsoft Visual Studio Solution File, Format Version 12.00
# Visual Studio Version 16
VisualStudioVersion = 16.0.30320.27
MinimumVisualStudioVersion = 10.0.40219.1
Project("{FAE04EC0-301F-11D3-BF4B-00C04F79EFBC}") = "MPL Tool UI", "MPL Tool UI\MPL Tool UI.csproj", "{C1424D1D-BA7F-4EAC-9B09-812FAA5E71C6}"
EndProject
Global
	GlobalSection(SolutionConfigurationPlatforms) = preSolution
		Debug|Any CPU = Debug|Any CPU
		Release|Any CPU = Release|Any CPU
	EndGlobalSection
	GlobalSection(ProjectConfigurationPlatforms) = postSolution
		{C1424D1D-BA7F-4EAC-9B09-812FAA5E71C6}.Debug|Any CPU.ActiveCfg = Debug|Any CPU
		{C1424D1D-BA7F-4EAC-9B09-812FAA5E71C6}.Debug|Any CPU.Build.0 = Debug|Any CPU
		{C1424D1D-BA7F-4EAC-9B09-812FAA5E71C6}.Release|Any CPU.ActiveCfg = Release|Any CPU
		{C1424D1D-BA7F-4EAC-9B09-812FAA5E71C6}.Release|Any CPU.Build.0 = Release|Any CPU
	EndGlobalSection
	GlobalSection(SolutionProperties) = preSolution
		HideSolutionNode = FALSE
	EndGlobalSection
	GlobalSection(ExtensibilityGlobals) = postSolution
		SolutionGuid = {879BDE84-581C-43B2-AC03-A2704A3F17DB}
	EndGlobalSection
EndGlobal
